
Microsoft Visual Studio Solution File, Format Version 12.00
# Visual Studio Version 17
VisualStudioVersion = 17.3.32901.215
MinimumVisualStudioVersion = 10.0.40219.1
Project("{FAE04EC0-301F-11D3-BF4B-00C04F79EFBC}") = "Assignment2", "Assignment2\Assignment2.csproj", "{744A1A09-5BBA-4309-95F5-1807BAA30C4A}"
EndProject
Global
	GlobalSection(SolutionConfigurationPlatforms) = preSolution
		Debug|Any CPU = Debug|Any CPU
		Release|Any CPU = Release|Any CPU
	EndGlobalSection
	GlobalSection(ProjectConfigurationPlatforms) = postSolution
		{744A1A09-5BBA-4309-95F5-1807BAA30C4A}.Debug|Any CPU.ActiveCfg = Debug|Any CPU
		{744A1A09-5BBA-4309-95F5-1807BAA30C4A}.Debug|Any CPU.Build.0 = Debug|Any CPU
		{744A1A09-5BBA-4309-95F5-1807BAA30C4A}.Release|Any CPU.ActiveCfg = Release|Any CPU
		{744A1A09-5BBA-4309-95F5-1807BAA30C4A}.Release|Any CPU.Build.0 = Release|Any CPU
	EndGlobalSection
	GlobalSection(SolutionProperties) = preSolution
		HideSolutionNode = FALSE
	EndGlobalSection
	GlobalSection(ExtensibilityGlobals) = postSolution
		SolutionGuid = {659F677C-85EE-434C-AD2D-21ACC0096CC2}
	EndGlobalSection
EndGlobal
